
Microsoft Visual Studio Solution File, Format Version 12.00
# Visual Studio 2012
Project("{FAE04EC0-301F-11D3-BF4B-00C04F79EFBC}") = "Robots", "Vector\Robots.csproj", "{FE93D880-8171-4986-BC3B-1EFD6D89036A}"
EndProject
Project("{FAE04EC0-301F-11D3-BF4B-00C04F79EFBC}") = "UnitTestProject1", "UnitTestProject1\UnitTestProject1.csproj", "{BFDD9A07-97B3-4145-8340-8B106B1931B5}"
EndProject
Project("{FAE04EC0-301F-11D3-BF4B-00C04F79EFBC}") = "VectorMathematic", "VectorMathematic\VectorMathematic.csproj", "{7B0ED8C3-6BFD-4FD8-BDC2-99E2C43CCC47}"
EndProject
Global
	GlobalSection(SolutionConfigurationPlatforms) = preSolution
		Debug|Any CPU = Debug|Any CPU
		Release|Any CPU = Release|Any CPU
	EndGlobalSection
	GlobalSection(ProjectConfigurationPlatforms) = postSolution
		{FE93D880-8171-4986-BC3B-1EFD6D89036A}.Debug|Any CPU.ActiveCfg = Debug|Any CPU
		{FE93D880-8171-4986-BC3B-1EFD6D89036A}.Debug|Any CPU.Build.0 = Debug|Any CPU
		{FE93D880-8171-4986-BC3B-1EFD6D89036A}.Release|Any CPU.ActiveCfg = Release|Any CPU
		{FE93D880-8171-4986-BC3B-1EFD6D89036A}.Release|Any CPU.Build.0 = Release|Any CPU
		{BFDD9A07-97B3-4145-8340-8B106B1931B5}.Debug|Any CPU.ActiveCfg = Debug|Any CPU
		{BFDD9A07-97B3-4145-8340-8B106B1931B5}.Debug|Any CPU.Build.0 = Debug|Any CPU
		{BFDD9A07-97B3-4145-8340-8B106B1931B5}.Release|Any CPU.ActiveCfg = Release|Any CPU
		{BFDD9A07-97B3-4145-8340-8B106B1931B5}.Release|Any CPU.Build.0 = Release|Any CPU
		{7B0ED8C3-6BFD-4FD8-BDC2-99E2C43CCC47}.Debug|Any CPU.ActiveCfg = Debug|Any CPU
		{7B0ED8C3-6BFD-4FD8-BDC2-99E2C43CCC47}.Debug|Any CPU.Build.0 = Debug|Any CPU
		{7B0ED8C3-6BFD-4FD8-BDC2-99E2C43CCC47}.Release|Any CPU.ActiveCfg = Release|Any CPU
		{7B0ED8C3-6BFD-4FD8-BDC2-99E2C43CCC47}.Release|Any CPU.Build.0 = Release|Any CPU
	EndGlobalSection
	GlobalSection(SolutionProperties) = preSolution
		HideSolutionNode = FALSE
	EndGlobalSection
EndGlobal
