
Microsoft Visual Studio Solution File, Format Version 12.00
# Visual Studio 2012
Project("{FAE04EC0-301F-11D3-BF4B-00C04F79EFBC}") = "WindowsFormsApplication2", "WindowsFormsApplication2.csproj", "{5FAACF29-BFCB-4397-BC19-7BB6686E1FCE}"
EndProject
Project("{FAE04EC0-301F-11D3-BF4B-00C04F79EFBC}") = "UnitTestProject1", "..\UnitTestProject1\UnitTestProject1.csproj", "{7951D793-9926-47FB-8538-EFED6B7CCA99}"
EndProject
Global
	GlobalSection(SolutionConfigurationPlatforms) = preSolution
		Debug|Any CPU = Debug|Any CPU
		Release|Any CPU = Release|Any CPU
	EndGlobalSection
	GlobalSection(ProjectConfigurationPlatforms) = postSolution
		{5FAACF29-BFCB-4397-BC19-7BB6686E1FCE}.Debug|Any CPU.ActiveCfg = Debug|Any CPU
		{5FAACF29-BFCB-4397-BC19-7BB6686E1FCE}.Debug|Any CPU.Build.0 = Debug|Any CPU
		{5FAACF29-BFCB-4397-BC19-7BB6686E1FCE}.Release|Any CPU.ActiveCfg = Release|Any CPU
		{5FAACF29-BFCB-4397-BC19-7BB6686E1FCE}.Release|Any CPU.Build.0 = Release|Any CPU
		{7951D793-9926-47FB-8538-EFED6B7CCA99}.Debug|Any CPU.ActiveCfg = Debug|Any CPU
		{7951D793-9926-47FB-8538-EFED6B7CCA99}.Debug|Any CPU.Build.0 = Debug|Any CPU
		{7951D793-9926-47FB-8538-EFED6B7CCA99}.Release|Any CPU.ActiveCfg = Release|Any CPU
		{7951D793-9926-47FB-8538-EFED6B7CCA99}.Release|Any CPU.Build.0 = Release|Any CPU
	EndGlobalSection
	GlobalSection(SolutionProperties) = preSolution
		HideSolutionNode = FALSE
	EndGlobalSection
EndGlobal
