
Microsoft Visual Studio Solution File, Format Version 12.00
# Visual Studio 2013
VisualStudioVersion = 12.0.30501.0
MinimumVisualStudioVersion = 10.0.40219.1
Project("{FAE04EC0-301F-11D3-BF4B-00C04F79EFBC}") = "ServerDNS", "ServerDNS\ServerDNS.csproj", "{96064817-A80C-412D-8410-A025A2C7D73C}"
EndProject
Project("{FAE04EC0-301F-11D3-BF4B-00C04F79EFBC}") = "ClientDNS", "ClientDNS\ClientDNS.csproj", "{9AE9C5BA-11A4-4349-B3C0-6B3FDE664A52}"
EndProject
Project("{FAE04EC0-301F-11D3-BF4B-00C04F79EFBC}") = "DNS", "DNS\DNS.csproj", "{EBCB8F53-C56A-4245-893F-CE67D69D0087}"
EndProject
Project("{FAE04EC0-301F-11D3-BF4B-00C04F79EFBC}") = "Package", "Package\Package.csproj", "{8F81D789-BE7C-44D8-85AB-052EC56959ED}"
EndProject
Project("{FAE04EC0-301F-11D3-BF4B-00C04F79EFBC}") = "Client_DNS", "Client_DNS\Client_DNS.csproj", "{0BF1B470-2303-400F-813A-41595FD94E3E}"
EndProject
Global
	GlobalSection(SolutionConfigurationPlatforms) = preSolution
		Debug|Any CPU = Debug|Any CPU
		Release|Any CPU = Release|Any CPU
	EndGlobalSection
	GlobalSection(ProjectConfigurationPlatforms) = postSolution
		{96064817-A80C-412D-8410-A025A2C7D73C}.Debug|Any CPU.ActiveCfg = Debug|Any CPU
		{96064817-A80C-412D-8410-A025A2C7D73C}.Debug|Any CPU.Build.0 = Debug|Any CPU
		{96064817-A80C-412D-8410-A025A2C7D73C}.Release|Any CPU.ActiveCfg = Release|Any CPU
		{96064817-A80C-412D-8410-A025A2C7D73C}.Release|Any CPU.Build.0 = Release|Any CPU
		{9AE9C5BA-11A4-4349-B3C0-6B3FDE664A52}.Debug|Any CPU.ActiveCfg = Debug|Any CPU
		{9AE9C5BA-11A4-4349-B3C0-6B3FDE664A52}.Debug|Any CPU.Build.0 = Debug|Any CPU
		{9AE9C5BA-11A4-4349-B3C0-6B3FDE664A52}.Release|Any CPU.ActiveCfg = Release|Any CPU
		{9AE9C5BA-11A4-4349-B3C0-6B3FDE664A52}.Release|Any CPU.Build.0 = Release|Any CPU
		{EBCB8F53-C56A-4245-893F-CE67D69D0087}.Debug|Any CPU.ActiveCfg = Debug|Any CPU
		{EBCB8F53-C56A-4245-893F-CE67D69D0087}.Debug|Any CPU.Build.0 = Debug|Any CPU
		{EBCB8F53-C56A-4245-893F-CE67D69D0087}.Release|Any CPU.ActiveCfg = Release|Any CPU
		{EBCB8F53-C56A-4245-893F-CE67D69D0087}.Release|Any CPU.Build.0 = Release|Any CPU
		{8F81D789-BE7C-44D8-85AB-052EC56959ED}.Debug|Any CPU.ActiveCfg = Debug|Any CPU
		{8F81D789-BE7C-44D8-85AB-052EC56959ED}.Debug|Any CPU.Build.0 = Debug|Any CPU
		{8F81D789-BE7C-44D8-85AB-052EC56959ED}.Release|Any CPU.ActiveCfg = Release|Any CPU
		{8F81D789-BE7C-44D8-85AB-052EC56959ED}.Release|Any CPU.Build.0 = Release|Any CPU
		{0BF1B470-2303-400F-813A-41595FD94E3E}.Debug|Any CPU.ActiveCfg = Debug|Any CPU
		{0BF1B470-2303-400F-813A-41595FD94E3E}.Debug|Any CPU.Build.0 = Debug|Any CPU
		{0BF1B470-2303-400F-813A-41595FD94E3E}.Release|Any CPU.ActiveCfg = Release|Any CPU
		{0BF1B470-2303-400F-813A-41595FD94E3E}.Release|Any CPU.Build.0 = Release|Any CPU
	EndGlobalSection
	GlobalSection(SolutionProperties) = preSolution
		HideSolutionNode = FALSE
	EndGlobalSection
EndGlobal
